
Microsoft Visual Studio Solution File, Format Version 12.00
# Visual Studio Version 16
VisualStudioVersion = 16.0.34407.143
MinimumVisualStudioVersion = 10.0.40219.1
Project("{FAE04EC0-301F-11D3-BF4B-00C04F79EFBC}") = "Maven", "Maven.csproj", "{20C28CFC-3FF4-4410-8949-0589B14B13F2}"
EndProject
Global
	GlobalSection(SolutionConfigurationPlatforms) = preSolution
		Debug|Any CPU = Debug|Any CPU
		Release|Any CPU = Release|Any CPU
	EndGlobalSection
	GlobalSection(ProjectConfigurationPlatforms) = postSolution
		{20C28CFC-3FF4-4410-8949-0589B14B13F2}.Debug|Any CPU.ActiveCfg = Debug|Any CPU
		{20C28CFC-3FF4-4410-8949-0589B14B13F2}.Debug|Any CPU.Build.0 = Debug|Any CPU
		{20C28CFC-3FF4-4410-8949-0589B14B13F2}.Release|Any CPU.ActiveCfg = Release|Any CPU
		{20C28CFC-3FF4-4410-8949-0589B14B13F2}.Release|Any CPU.Build.0 = Release|Any CPU
	EndGlobalSection
	GlobalSection(SolutionProperties) = preSolution
		HideSolutionNode = FALSE
	EndGlobalSection
	GlobalSection(ExtensibilityGlobals) = postSolution
		SolutionGuid = {049E9B04-3D3F-449A-A0D1-6FF836B5EAC0}
	EndGlobalSection
EndGlobal
